// !$*UTF8*$!
{
	archiveVersion = 1;
	classes = {
	};
	objectVersion = 50;
	objects = {

/* Begin PBXBuildFile section */
		F3AC921385C60DAFAEED0C40 /* Pods_VdocipherPOC.framework in Frameworks */ = {isa = PBXBuildFile; fileRef = 3BE653914854ECB5557EE405 /* Pods_VdocipherPOC.framework */; };
		FF065E7C212A9648000D670C /* AppDelegate.swift in Sources */ = {isa = PBXBuildFile; fileRef = FF065E7B212A9648000D670C /* AppDelegate.swift */; };
		FF065E7E212A9648000D670C /* ViewController.swift in Sources */ = {isa = PBXBuildFile; fileRef = FF065E7D212A9648000D670C /* ViewController.swift */; };
		FF065E81212A9648000D670C /* Main.storyboard in Resources */ = {isa = PBXBuildFile; fileRef = FF065E7F212A9648000D670C /* Main.storyboard */; };
		FF065E83212A964A000D670C /* Assets.xcassets in Resources */ = {isa = PBXBuildFile; fileRef = FF065E82212A964A000D670C /* Assets.xcassets */; };
		FF065E86212A964A000D670C /* LaunchScreen.storyboard in Resources */ = {isa = PBXBuildFile; fileRef = FF065E84212A964A000D670C /* LaunchScreen.storyboard */; };
/* End PBXBuildFile section */

/* Begin PBXFileReference section */
		3BE653914854ECB5557EE405 /* Pods_VdocipherPOC.framework */ = {isa = PBXFileReference; explicitFileType = wrapper.framework; includeInIndex = 0; path = Pods_VdocipherPOC.framework; sourceTree = BUILT_PRODUCTS_DIR; };
		721E752609E5BC0B5C88DD4D /* Pods-VdocipherPOC.release.xcconfig */ = {isa = PBXFileReference; includeInIndex = 1; lastKnownFileType = text.xcconfig; name = "Pods-VdocipherPOC.release.xcconfig"; path = "Pods/Target Support Files/Pods-VdocipherPOC/Pods-VdocipherPOC.release.xcconfig"; sourceTree = "<group>"; };
		A55B11955625E04E44C5A464 /* Pods-VdocipherPOC.debug.xcconfig */ = {isa = PBXFileReference; includeInIndex = 1; lastKnownFileType = text.xcconfig; name = "Pods-VdocipherPOC.debug.xcconfig"; path = "Pods/Target Support Files/Pods-VdocipherPOC/Pods-VdocipherPOC.debug.xcconfig"; sourceTree = "<group>"; };
		FF065E78212A9648000D670C /* VdocipherPOC.app */ = {isa = PBXFileReference; explicitFileType = wrapper.application; includeInIndex = 0; path = VdocipherPOC.app; sourceTree = BUILT_PRODUCTS_DIR; };
		FF065E7B212A9648000D670C /* AppDelegate.swift */ = {isa = PBXFileReference; lastKnownFileType = sourcecode.swift; path = AppDelegate.swift; sourceTree = "<group>"; };
		FF065E7D212A9648000D670C /* ViewController.swift */ = {isa = PBXFileReference; lastKnownFileType = sourcecode.swift; path = ViewController.swift; sourceTree = "<group>"; };
		FF065E80212A9648000D670C /* Base */ = {isa = PBXFileReference; lastKnownFileType = file.storyboard; name = Base; path = Base.lproj/Main.storyboard; sourceTree = "<group>"; };
		FF065E82212A964A000D670C /* Assets.xcassets */ = {isa = PBXFileReference; lastKnownFileType = folder.assetcatalog; path = Assets.xcassets; sourceTree = "<group>"; };
		FF065E85212A964A000D670C /* Base */ = {isa = PBXFileReference; lastKnownFileType = file.storyboard; name = Base; path = Base.lproj/LaunchScreen.storyboard; sourceTree = "<group>"; };
		FF065E87212A964A000D670C /* Info.plist */ = {isa = PBXFileReference; lastKnownFileType = text.plist.xml; path = Info.plist; sourceTree = "<group>"; };
/* End PBXFileReference section */

/* Begin PBXFrameworksBuildPhase section */
		FF065E75212A9648000D670C /* Frameworks */ = {
			isa = PBXFrameworksBuildPhase;
			buildActionMask = 2147483647;
			files = (
				F3AC921385C60DAFAEED0C40 /* Pods_VdocipherPOC.framework in Frameworks */,
			);
			runOnlyForDeploymentPostprocessing = 0;
		};
/* End PBXFrameworksBuildPhase section */

/* Begin PBXGroup section */
		C95E19BB80AA4A30497CFAA7 /* Pods */ = {
			isa = PBXGroup;
			children = (
				A55B11955625E04E44C5A464 /* Pods-VdocipherPOC.debug.xcconfig */,
				721E752609E5BC0B5C88DD4D /* Pods-VdocipherPOC.release.xcconfig */,
			);
			name = Pods;
			sourceTree = "<group>";
		};
		CC8DA89860E592A5983B865E /* Frameworks */ = {
			isa = PBXGroup;
			children = (
				3BE653914854ECB5557EE405 /* Pods_VdocipherPOC.framework */,
			);
			name = Frameworks;
			sourceTree = "<group>";
		};
		FF065E6F212A9648000D670C = {
			isa = PBXGroup;
			children = (
				FF065E7A212A9648000D670C /* VdocipherPOC */,
				FF065E79212A9648000D670C /* Products */,
				C95E19BB80AA4A30497CFAA7 /* Pods */,
				CC8DA89860E592A5983B865E /* Frameworks */,
			);
			sourceTree = "<group>";
		};
		FF065E79212A9648000D670C /* Products */ = {
			isa = PBXGroup;
			children = (
				FF065E78212A9648000D670C /* VdocipherPOC.app */,
			);
			name = Products;
			sourceTree = "<group>";
		};
		FF065E7A212A9648000D670C /* VdocipherPOC */ = {
			isa = PBXGroup;
			children = (
				FF065E7B212A9648000D670C /* AppDelegate.swift */,
				FF065E7D212A9648000D670C /* ViewController.swift */,
				FF065E7F212A9648000D670C /* Main.storyboard */,
				FF065E82212A964A000D670C /* Assets.xcassets */,
				FF065E84212A964A000D670C /* LaunchScreen.storyboard */,
				FF065E87212A964A000D670C /* Info.plist */,
			);
			path = VdocipherPOC;
			sourceTree = "<group>";
		};
/* End PBXGroup section */

/* Begin PBXNativeTarget section */
		FF065E77212A9648000D670C /* VdocipherPOC */ = {
			isa = PBXNativeTarget;
			buildConfigurationList = FF065E8A212A964A000D670C /* Build configuration list for PBXNativeTarget "VdocipherPOC" */;
			buildPhases = (
				C9F2CC93F832EC1B12DDA2C1 /* [CP] Check Pods Manifest.lock */,
				FF065E74212A9648000D670C /* Sources */,
				FF065E75212A9648000D670C /* Frameworks */,
				FF065E76212A9648000D670C /* Resources */,
				6E8AC8964E92D033CDDCA6A9 /* [CP] Embed Pods Frameworks */,
			);
			buildRules = (
			);
			dependencies = (
			);
			name = VdocipherPOC;
			productName = VdocipherPOC;
			productReference = FF065E78212A9648000D670C /* VdocipherPOC.app */;
			productType = "com.apple.product-type.application";
		};
/* End PBXNativeTarget section */

/* Begin PBXProject section */
		FF065E70212A9648000D670C /* Project object */ = {
			isa = PBXProject;
			attributes = {
				LastSwiftUpdateCheck = 0930;
				LastUpgradeCheck = 0930;
				ORGANIZATIONNAME = "Akash Soni";
				TargetAttributes = {
					FF065E77212A9648000D670C = {
						CreatedOnToolsVersion = 9.3;
					};
				};
			};
			buildConfigurationList = FF065E73212A9648000D670C /* Build configuration list for PBXProject "VdocipherPOC" */;
			compatibilityVersion = "Xcode 9.3";
			developmentRegion = en;
			hasScannedForEncodings = 0;
			knownRegions = (
				en,
				Base,
			);
			mainGroup = FF065E6F212A9648000D670C;
			productRefGroup = FF065E79212A9648000D670C /* Products */;
			projectDirPath = "";
			projectRoot = "";
			targets = (
				FF065E77212A9648000D670C /* VdocipherPOC */,
			);
		};
/* End PBXProject section */

/* Begin PBXResourcesBuildPhase section */
		FF065E76212A9648000D670C /* Resources */ = {
			isa = PBXResourcesBuildPhase;
			buildActionMask = 2147483647;
			files = (
				FF065E86212A964A000D670C /* LaunchScreen.storyboard in Resources */,
				FF065E83212A964A000D670C /* Assets.xcassets in Resources */,
				FF065E81212A9648000D670C /* Main.storyboard in Resources */,
			);
			runOnlyForDeploymentPostprocessing = 0;
		};
/* End PBXResourcesBuildPhase section */

/* Begin PBXShellScriptBuildPhase section */
		6E8AC8964E92D033CDDCA6A9 /* [CP] Embed Pods Frameworks */ = {
			isa = PBXShellScriptBuildPhase;
			buildActionMask = 2147483647;
			files = (
			);
			inputPaths = (
				"${SRCROOT}/Pods/Target Support Files/Pods-VdocipherPOC/Pods-VdocipherPOC-frameworks.sh",
				"${BUILT_PRODUCTS_DIR}/Alamofire/Alamofire.framework",
				"${BUILT_PRODUCTS_DIR}/MBProgressHUD/MBProgressHUD.framework",
			);
			name = "[CP] Embed Pods Frameworks";
			outputPaths = (
				"${TARGET_BUILD_DIR}/${FRAMEWORKS_FOLDER_PATH}/Alamofire.framework",
				"${TARGET_BUILD_DIR}/${FRAMEWORKS_FOLDER_PATH}/MBProgressHUD.framework",
			);
			runOnlyForDeploymentPostprocessing = 0;
			shellPath = /bin/sh;
			shellScript = "\"${SRCROOT}/Pods/Target Support Files/Pods-VdocipherPOC/Pods-VdocipherPOC-frameworks.sh\"\n";
			showEnvVarsInLog = 0;
		};
		C9F2CC93F832EC1B12DDA2C1 /* [CP] Check Pods Manifest.lock */ = {
			isa = PBXShellScriptBuildPhase;
			buildActionMask = 2147483647;
			files = (
			);
			inputPaths = (
				"${PODS_PODFILE_DIR_PATH}/Podfile.lock",
				"${PODS_ROOT}/Manifest.lock",
			);
			name = "[CP] Check Pods Manifest.lock";
			outputPaths = (
				"$(DERIVED_FILE_DIR)/Pods-VdocipherPOC-checkManifestLockResult.txt",
			);
			runOnlyForDeploymentPostprocessing = 0;
			shellPath = /bin/sh;
			shellScript = "diff \"${PODS_PODFILE_DIR_PATH}/Podfile.lock\" \"${PODS_ROOT}/Manifest.lock\" > /dev/null\nif [ $? != 0 ] ; then\n    # print error to STDERR\n    echo \"error: The sandbox is not in sync with the Podfile.lock. Run 'pod install' or update your CocoaPods installation.\" >&2\n    exit 1\nfi\n# This output is used by Xcode 'outputs' to avoid re-running this script phase.\necho \"SUCCESS\" > \"${SCRIPT_OUTPUT_FILE_0}\"\n";
			showEnvVarsInLog = 0;
		};
/* End PBXShellScriptBuildPhase section */

/* Begin PBXSourcesBuildPhase section */
		FF065E74212A9648000D670C /* Sources */ = {
			isa = PBXSourcesBuildPhase;
			buildActionMask = 2147483647;
			files = (
				FF065E7E212A9648000D670C /* ViewController.swift in Sources */,
				FF065E7C212A9648000D670C /* AppDelegate.swift in Sources */,
			);
			runOnlyForDeploymentPostprocessing = 0;
		};
/* End PBXSourcesBuildPhase section */

/* Begin PBXVariantGroup section */
		FF065E7F212A9648000D670C /* Main.storyboard */ = {
			isa = PBXVariantGroup;
			children = (
				FF065E80212A9648000D670C /* Base */,
			);
			name = Main.storyboard;
			sourceTree = "<group>";
		};
		FF065E84212A964A000D670C /* LaunchScreen.storyboard */ = {
			isa = PBXVariantGroup;
			children = (
				FF065E85212A964A000D670C /* Base */,
			);
			name = LaunchScreen.storyboard;
			sourceTree = "<group>";
		};
/* End PBXVariantGroup section */

/* Begin XCBuildConfiguration section */
		FF065E88212A964A000D670C /* Debug */ = {
			isa = XCBuildConfiguration;
			buildSettings = {
				ALWAYS_SEARCH_USER_PATHS = NO;
				CLANG_ANALYZER_NONNULL = YES;
				CLANG_ANALYZER_NUMBER_OBJECT_CONVERSION = YES_AGGRESSIVE;
				CLANG_CXX_LANGUAGE_STANDARD = "gnu++14";
				CLANG_CXX_LIBRARY = "libc++";
				CLANG_ENABLE_MODULES = YES;
				CLANG_ENABLE_OBJC_ARC = YES;
				CLANG_ENABLE_OBJC_WEAK = YES;
				CLANG_WARN_BLOCK_CAPTURE_AUTORELEASING = YES;
				CLANG_WARN_BOOL_CONVERSION = YES;
				CLANG_WARN_COMMA = YES;
				CLANG_WARN_CONSTANT_CONVERSION = YES;
				CLANG_WARN_DEPRECATED_OBJC_IMPLEMENTATIONS = YES;
				CLANG_WARN_DIRECT_OBJC_ISA_USAGE = YES_ERROR;
				CLANG_WARN_DOCUMENTATION_COMMENTS = YES;
				CLANG_WARN_EMPTY_BODY = YES;
				CLANG_WARN_ENUM_CONVERSION = YES;
				CLANG_WARN_INFINITE_RECURSION = YES;
				CLANG_WARN_INT_CONVERSION = YES;
				CLANG_WARN_NON_LITERAL_NULL_CONVERSION = YES;
				CLANG_WARN_OBJC_IMPLICIT_RETAIN_SELF = YES;
				CLANG_WARN_OBJC_LITERAL_CONVERSION = YES;
				CLANG_WARN_OBJC_ROOT_CLASS = YES_ERROR;
				CLANG_WARN_RANGE_LOOP_ANALYSIS = YES;
				CLANG_WARN_STRICT_PROTOTYPES = YES;
				CLANG_WARN_SUSPICIOUS_MOVE = YES;
				CLANG_WARN_UNGUARDED_AVAILABILITY = YES_AGGRESSIVE;
				CLANG_WARN_UNREACHABLE_CODE = YES;
				CLANG_WARN__DUPLICATE_METHOD_MATCH = YES;
				CODE_SIGN_IDENTITY = "iPhone Developer";
				COPY_PHASE_STRIP = NO;
				DEBUG_INFORMATION_FORMAT = dwarf;
				ENABLE_STRICT_OBJC_MSGSEND = YES;
				ENABLE_TESTABILITY = YES;
				GCC_C_LANGUAGE_STANDARD = gnu11;
				GCC_DYNAMIC_NO_PIC = NO;
				GCC_NO_COMMON_BLOCKS = YES;
				GCC_OPTIMIZATION_LEVEL = 0;
				GCC_PREPROCESSOR_DEFINITIONS = (
					"DEBUG=1",
					"$(inherited)",
				);
				GCC_WARN_64_TO_32_BIT_CONVERSION = YES;
				GCC_WARN_ABOUT_RETURN_TYPE = YES_ERROR;
				GCC_WARN_UNDECLARED_SELECTOR = YES;
				GCC_WARN_UNINITIALIZED_AUTOS = YES_AGGRESSIVE;
				GCC_WARN_UNUSED_FUNCTION = YES;
				GCC_WARN_UNUSED_VARIABLE = YES;
				IPHONEOS_DEPLOYMENT_TARGET = 11.3;
				MTL_ENABLE_DEBUG_INFO = YES;
				ONLY_ACTIVE_ARCH = YES;
				SDKROOT = iphoneos;
				SWIFT_ACTIVE_COMPILATION_CONDITIONS = DEBUG;
				SWIFT_OPTIMIZATION_LEVEL = "-Onone";
			};
			name = Debug;
		};
		FF065E89212A964A000D670C /* Release */ = {
			isa = XCBuildConfiguration;
			buildSettings = {
				ALWAYS_SEARCH_USER_PATHS = NO;
				CLANG_ANALYZER_NONNULL = YES;
				CLANG_ANALYZER_NUMBER_OBJECT_CONVERSION = YES_AGGRESSIVE;
				CLANG_CXX_LANGUAGE_STANDARD = "gnu++14";
				CLANG_CXX_LIBRARY = "libc++";
				CLANG_ENABLE_MODULES = YES;
				CLANG_ENABLE_OBJC_ARC = YES;
				CLANG_ENABLE_OBJC_WEAK = YES;
				CLANG_WARN_BLOCK_CAPTURE_AUTORELEASING = YES;
				CLANG_WARN_BOOL_CONVERSION = YES;
				CLANG_WARN_COMMA = YES;
				CLANG_WARN_CONSTANT_CONVERSION = YES;
				CLANG_WARN_DEPRECATED_OBJC_IMPLEMENTATIONS = YES;
				CLANG_WARN_DIRECT_OBJC_ISA_USAGE = YES_ERROR;
				CLANG_WARN_DOCUMENTATION_COMMENTS = YES;
				CLANG_WARN_EMPTY_BODY = YES;
				CLANG_WARN_ENUM_CONVERSION = YES;
				CLANG_WARN_INFINITE_RECURSION = YES;
				CLANG_WARN_INT_CONVERSION = YES;
				CLANG_WARN_NON_LITERAL_NULL_CONVERSION = YES;
				CLANG_WARN_OBJC_IMPLICIT_RETAIN_SELF = YES;
				CLANG_WARN_OBJC_LITERAL_CONVERSION = YES;
				CLANG_WARN_OBJC_ROOT_CLASS = YES_ERROR;
				CLANG_WARN_RANGE_LOOP_ANALYSIS = YES;
				CLANG_WARN_STRICT_PROTOTYPES = YES;
				CLANG_WARN_SUSPICIOUS_MOVE = YES;
				CLANG_WARN_UNGUARDED_AVAILABILITY = YES_AGGRESSIVE;
				CLANG_WARN_UNREACHABLE_CODE = YES;
				CLANG_WARN__DUPLICATE_METHOD_MATCH = YES;
				CODE_SIGN_IDENTITY = "iPhone Developer";
				COPY_PHASE_STRIP = NO;
				DEBUG_INFORMATION_FORMAT = "dwarf-with-dsym";
				ENABLE_NS_ASSERTIONS = NO;
				ENABLE_STRICT_OBJC_MSGSEND = YES;
				GCC_C_LANGUAGE_STANDARD = gnu11;
				GCC_NO_COMMON_BLOCKS = YES;
				GCC_WARN_64_TO_32_BIT_CONVERSION = YES;
				GCC_WARN_ABOUT_RETURN_TYPE = YES_ERROR;
				GCC_WARN_UNDECLARED_SELECTOR = YES;
				GCC_WARN_UNINITIALIZED_AUTOS = YES_AGGRESSIVE;
				GCC_WARN_UNUSED_FUNCTION = YES;
				GCC_WARN_UNUSED_VARIABLE = YES;
				IPHONEOS_DEPLOYMENT_TARGET = 11.3;
				MTL_ENABLE_DEBUG_INFO = NO;
				SDKROOT = iphoneos;
				SWIFT_COMPILATION_MODE = wholemodule;
				SWIFT_OPTIMIZATION_LEVEL = "-O";
				VALIDATE_PRODUCT = YES;
			};
			name = Release;
		};
		FF065E8B212A964A000D670C /* Debug */ = {
			isa = XCBuildConfiguration;
			baseConfigurationReference = A55B11955625E04E44C5A464 /* Pods-VdocipherPOC.debug.xcconfig */;
			buildSettings = {
				ASSETCATALOG_COMPILER_APPICON_NAME = AppIcon;
				CODE_SIGN_STYLE = Automatic;
				INFOPLIST_FILE = VdocipherPOC/Info.plist;
				LD_RUNPATH_SEARCH_PATHS = (
					"$(inherited)",
					"@executable_path/Frameworks",
				);
				PRODUCT_BUNDLE_IDENTIFIER = com.akashsoni.team.VdocipherPOC;
				PRODUCT_NAME = "$(TARGET_NAME)";
				SWIFT_VERSION = 4.0;
				TARGETED_DEVICE_FAMILY = "1,2";
			};
			name = Debug;
		};
		FF065E8C212A964A000D670C /* Release */ = {
			isa = XCBuildConfiguration;
			baseConfigurationReference = 721E752609E5BC0B5C88DD4D /* Pods-VdocipherPOC.release.xcconfig */;
			buildSettings = {
				ASSETCATALOG_COMPILER_APPICON_NAME = AppIcon;
				CODE_SIGN_STYLE = Automatic;
				INFOPLIST_FILE = VdocipherPOC/Info.plist;
				LD_RUNPATH_SEARCH_PATHS = (
					"$(inherited)",
					"@executable_path/Frameworks",
				);
				PRODUCT_BUNDLE_IDENTIFIER = com.akashsoni.team.VdocipherPOC;
				PRODUCT_NAME = "$(TARGET_NAME)";
				SWIFT_VERSION = 4.0;
				TARGETED_DEVICE_FAMILY = "1,2";
			};
			name = Release;
		};
/* End XCBuildConfiguration section */

/* Begin XCConfigurationList section */
		FF065E73212A9648000D670C /* Build configuration list for PBXProject "VdocipherPOC" */ = {
			isa = XCConfigurationList;
			buildConfigurations = (
				FF065E88212A964A000D670C /* Debug */,
				FF065E89212A964A000D670C /* Release */,
			);
			defaultConfigurationIsVisible = 0;
			defaultConfigurationName = Release;
		};
		FF065E8A212A964A000D670C /* Build configuration list for PBXNativeTarget "VdocipherPOC" */ = {
			isa = XCConfigurationList;
			buildConfigurations = (
				FF065E8B212A964A000D670C /* Debug */,
				FF065E8C212A964A000D670C /* Release */,
			);
			defaultConfigurationIsVisible = 0;
			defaultConfigurationName = Release;
		};
/* End XCConfigurationList section */
	};
	rootObject = FF065E70212A9648000D670C /* Project object */;
}
